
Microsoft Visual Studio Solution File, Format Version 12.00
# Visual Studio Version 17
VisualStudioVersion = 17.1.31903.286
MinimumVisualStudioVersion = 10.0.40219.1
Project("{2150E333-8FDC-42A3-9474-1A3956D46DE8}") = "src", "src", "{962EC435-6130-4B75-BAC1-12323B067443}"
EndProject
Project("{9A19103F-16F7-4668-BE54-9A1E7A4F7556}") = "Nethereum.ABI", "src\Nethereum.ABI\Nethereum.ABI.csproj", "{CD7D0813-C613-4788-A428-31DC5605CF7B}"
EndProject
Project("{9A19103F-16F7-4668-BE54-9A1E7A4F7556}") = "Nethereum.Hex", "src\Nethereum.Hex\Nethereum.Hex.csproj", "{6E01FF7E-6178-466F-83D2-633E861B7617}"
EndProject
Project("{9A19103F-16F7-4668-BE54-9A1E7A4F7556}") = "Nethereum.RPC", "src\Nethereum.RPC\Nethereum.RPC.csproj", "{D127B70B-FDD2-4057-AAFE-989CDA1B8E51}"
EndProject
Project("{9A19103F-16F7-4668-BE54-9A1E7A4F7556}") = "Nethereum.Web3", "src\Nethereum.Web3\Nethereum.Web3.csproj", "{AB3652F1-AC30-4522-A1EE-1758A6EF6F5C}"
EndProject
Project("{9A19103F-16F7-4668-BE54-9A1E7A4F7556}") = "Nethereum.JsonRpc.Client", "src\Nethereum.JsonRpc.Client\Nethereum.JsonRpc.Client.csproj", "{84A6BAA7-32B3-4D99-9280-87023BFF0A5B}"
EndProject
Project("{9A19103F-16F7-4668-BE54-9A1E7A4F7556}") = "Nethereum.StandardTokenEIP20", "src\Nethereum.StandardTokenEIP20\Nethereum.StandardTokenEIP20.csproj", "{032503EB-5C03-4C7A-851F-20886B43ED0D}"
EndProject
Project("{9A19103F-16F7-4668-BE54-9A1E7A4F7556}") = "Nethereum.EVM", "src\Nethereum.EVM\Nethereum.EVM.csproj", "{1E189EA8-AFFA-493B-AED8-3C058E617F30}"
EndProject
Project("{9A19103F-16F7-4668-BE54-9A1E7A4F7556}") = "Nethereum.KeyStore", "src\Nethereum.KeyStore\Nethereum.KeyStore.csproj", "{1B8F4753-DDE4-4B12-B45A-B26EC900A95A}"
EndProject
Project("{9A19103F-16F7-4668-BE54-9A1E7A4F7556}") = "Nethereum.KeyStore.Console.Sample", "consoletests\Nethereum.KeyStore.Console.Sample\Nethereum.KeyStore.Console.Sample.csproj", "{36699147-16BD-40A5-92E3-9E560120374F}"
EndProject
Project("{9A19103F-16F7-4668-BE54-9A1E7A4F7556}") = "Nethereum.ENS", "src\Nethereum.ENS\Nethereum.ENS.csproj", "{B5CDA814-736C-429D-B614-0BEBA70E185F}"
EndProject
Project("{9A19103F-16F7-4668-BE54-9A1E7A4F7556}") = "Nethereum.Signer", "src\Nethereum.Signer\Nethereum.Signer.csproj", "{7E50B6DE-499B-42F2-8419-6F87C71F8BB2}"
EndProject
Project("{9A19103F-16F7-4668-BE54-9A1E7A4F7556}") = "Nethereum.RLP", "src\Nethereum.RLP\Nethereum.RLP.csproj", "{85376A51-1189-4B08-BF94-12A894D17AEB}"
EndProject
Project("{9A19103F-16F7-4668-BE54-9A1E7A4F7556}") = "Nethereum.Util", "src\Nethereum.Util\Nethereum.Util.csproj", "{6E54CA25-CF76-4EAF-B445-6087432D20A1}"
EndProject
Project("{9A19103F-16F7-4668-BE54-9A1E7A4F7556}") = "Nethereum.Contracts", "src\Nethereum.Contracts\Nethereum.Contracts.csproj", "{687FC7B7-9A07-4DC2-BDB2-5EAA3A58956A}"
EndProject
Project("{9A19103F-16F7-4668-BE54-9A1E7A4F7556}") = "Nethereum.JsonRpc.RpcClient", "src\Nethereum.JsonRpc.RpcClient\Nethereum.JsonRpc.RpcClient.csproj", "{3F8D6B13-B483-4873-8946-106D25BF6212}"
EndProject
Project("{9A19103F-16F7-4668-BE54-9A1E7A4F7556}") = "Nethereum.Unity", "src\Nethereum.Unity\Nethereum.Unity.csproj", "{A295CBA8-DBE4-44EF-A673-6372728CEDB0}"
EndProject
Project("{9A19103F-16F7-4668-BE54-9A1E7A4F7556}") = "Nethereum.HdWallet", "src\Nethereum.HDWallet\Nethereum.HdWallet.csproj", "{B998C26B-90BD-4AEB-93C3-9AA35F888C69}"
EndProject
Project("{FAE04EC0-301F-11D3-BF4B-00C04F79EFBC}") = "Nethereum.BigInteger.N351", "src\Nethereum.BigInteger.N351\Nethereum.BigInteger.N351.csproj", "{B6F7564D-DE39-4724-894A-EE49CE2AEE47}"
EndProject
Project("{2150E333-8FDC-42A3-9474-1A3956D46DE8}") = "ABI", "ABI", "{BFC7067E-8459-4558-A6E9-7F08FA27DD51}"
EndProject
Project("{2150E333-8FDC-42A3-9474-1A3956D46DE8}") = "Contracts", "Contracts", "{89066452-2B82-4864-B836-F4D6CE1BB8B4}"
EndProject
Project("{2150E333-8FDC-42A3-9474-1A3956D46DE8}") = "ENS", "ENS", "{B0D98CFE-B7BD-4106-B5C6-0394D6AF5374}"
EndProject
Project("{2150E333-8FDC-42A3-9474-1A3956D46DE8}") = "DevP2P", "DevP2P", "{C60F529E-A24E-48D2-A866-9BCB5E2642CD}"
EndProject
Project("{2150E333-8FDC-42A3-9474-1A3956D46DE8}") = "EVM", "EVM", "{8F18B64A-CF6B-454F-A19C-8CE8FBFE2E58}"
EndProject
Project("{2150E333-8FDC-42A3-9474-1A3956D46DE8}") = "Hex", "Hex", "{AFDD57C7-E7B6-4A78-B5FF-815FA1D9E975}"
EndProject
Project("{2150E333-8FDC-42A3-9474-1A3956D46DE8}") = "HdWallet", "HdWallet", "{2CFDB0C0-5201-412B-8EB5-1EF8872B5FEA}"
EndProject
Project("{2150E333-8FDC-42A3-9474-1A3956D46DE8}") = "RPC", "RPC", "{F7E94706-FF67-4766-BBBD-27E7CED957A3}"
EndProject
Project("{2150E333-8FDC-42A3-9474-1A3956D46DE8}") = "KeyStore", "KeyStore", "{EEFCDD89-771B-4A12-9E0A-BCFC65DE8AF6}"
EndProject
Project("{2150E333-8FDC-42A3-9474-1A3956D46DE8}") = "RLP", "RLP", "{4B48FFD9-9F56-4580-BDE9-DB5A0DD87383}"
EndProject
Project("{2150E333-8FDC-42A3-9474-1A3956D46DE8}") = "Signer", "Signer", "{A635472A-99CA-4964-B320-536EF5C8BED7}"
EndProject
Project("{2150E333-8FDC-42A3-9474-1A3956D46DE8}") = "ERC20", "ERC20", "{C33537A5-C3F3-4964-940C-4041E5F16762}"
EndProject
Project("{2150E333-8FDC-42A3-9474-1A3956D46DE8}") = "Unity", "Unity", "{019335F4-59C6-4413-BC8E-E5332C1F35C6}"
EndProject
Project("{2150E333-8FDC-42A3-9474-1A3956D46DE8}") = "Util", "Util", "{42E237DA-AC08-45A2-B664-0009A72D4051}"
EndProject
Project("{2150E333-8FDC-42A3-9474-1A3956D46DE8}") = "Web3", "Web3", "{04986489-5D33-45BF-BC6F-1A16652CCC87}"
EndProject
Project("{2150E333-8FDC-42A3-9474-1A3956D46DE8}") = "Accounts", "Accounts", "{C1B11575-2A2B-48E5-B709-B9FD68BCD426}"
EndProject
Project("{9A19103F-16F7-4668-BE54-9A1E7A4F7556}") = "Nethereum.Accounts", "src\Nethereum.Accounts\Nethereum.Accounts.csproj", "{28715B81-50FA-423B-9869-F85F0FB2367E}"
EndProject
Project("{9A19103F-16F7-4668-BE54-9A1E7A4F7556}") = "Nethereum.Signer.Trezor", "src\Nethereum.Signer.Trezor\Nethereum.Signer.Trezor.csproj", "{9DE919BA-B5DF-4C1C-A648-9C2526BBC036}"
EndProject
Project("{9A19103F-16F7-4668-BE54-9A1E7A4F7556}") = "Nethereum.Signer.Ledger", "src\Nethereum.Signer.Ledger\Nethereum.Signer.Ledger.csproj", "{20A33007-916F-43F0-9DE8-DBCC1A8E68E7}"
EndProject
Project("{2150E333-8FDC-42A3-9474-1A3956D46DE8}") = "Model", "Model", "{EA962707-EB80-4F6C-B851-7B7426C56B05}"
EndProject
Project("{9A19103F-16F7-4668-BE54-9A1E7A4F7556}") = "Nethereum.Model", "src\Nethereum.Model\Nethereum.Model.csproj", "{39AD6D04-BCEC-4E76-99BA-4CC3F3ADBC12}"
EndProject
Project("{2150E333-8FDC-42A3-9474-1A3956D46DE8}") = "ERC721", "ERC721", "{E6B20904-76E7-4AFB-9F86-A86E0E984D83}"
EndProject
Project("{9A19103F-16F7-4668-BE54-9A1E7A4F7556}") = "Nethereum.StandardNonFungibleTokenERC721", "src\Nethereum.StandardNonFungibleTokenERC721\Nethereum.StandardNonFungibleTokenERC721.csproj", "{65B5F0EF-5E85-4939-BDA3-62FD5BF2F016}"
EndProject
Project("{2150E333-8FDC-42A3-9474-1A3956D46DE8}") = "Processing", "Processing", "{10EC8412-1238-4307-A564-5EF6BBDB1134}"
EndProject
Project("{9A19103F-16F7-4668-BE54-9A1E7A4F7556}") = "Nethereum.BlockchainProcessing", "src\Nethereum.BlockchainProcessing\Nethereum.BlockchainProcessing.csproj", "{8263F0CC-E6CA-43B0-95D8-8FBB68D523E4}"
EndProject
Project("{9A19103F-16F7-4668-BE54-9A1E7A4F7556}") = "Nethereum.Signer.EIP712", "src\Nethereum.Signer.EIP712\Nethereum.Signer.EIP712.csproj", "{F0DA5F4E-34ED-43CF-B3BD-1185930038AC}"
EndProject
Project("{2150E333-8FDC-42A3-9474-1A3956D46DE8}") = "SmartContractsApis", "SmartContractsApis", "{C02F8A8D-D85B-4BD1-8E82-A1F86FA9A3CF}"
EndProject
Project("{9A19103F-16F7-4668-BE54-9A1E7A4F7556}") = "Nethereum.Web3Lite", "src\Nethereum.Web3\Nethereum.Web3Lite.csproj", "{4D098F91-353A-4825-8721-50392B2379D5}"
EndProject
Project("{2150E333-8FDC-42A3-9474-1A3956D46DE8}") = "GnosisSafe", "GnosisSafe", "{0D108234-3671-483A-8040-CA1C1C1B3E76}"
EndProject
Project("{9A19103F-16F7-4668-BE54-9A1E7A4F7556}") = "Nethereum.GnosisSafe", "src\Nethereum.GnosisSafe\Nethereum.GnosisSafe.csproj", "{25A61E53-1192-4F61-8499-F8D784C7B038}"
EndProject
Project("{2150E333-8FDC-42A3-9474-1A3956D46DE8}") = "SIWE", "SIWE", "{8CEC705B-E512-40DE-9673-15857A34D359}"
EndProject
Project("{9A19103F-16F7-4668-BE54-9A1E7A4F7556}") = "Nethereum.Siwe.Core", "src\Nethereum.Siwe.Core\Nethereum.Siwe.Core.csproj", "{7199F951-8C9E-42A5-AF6A-A3478BEC8909}"
EndProject
Project("{9A19103F-16F7-4668-BE54-9A1E7A4F7556}") = "Nethereum.Siwe", "src\Nethereum.Siwe\Nethereum.Siwe.csproj", "{6CB83C82-2C87-44EC-AE28-011BB5B59A89}"
EndProject
Project("{9A19103F-16F7-4668-BE54-9A1E7A4F7556}") = "Nethereum.Unity.Metamask", "src\Nethereum.Unity.Metamask\Nethereum.Unity.Metamask.csproj", "{D2DDAACC-117E-4006-B90E-9216D50C067E}"
EndProject
Global
	GlobalSection(SolutionConfigurationPlatforms) = preSolution
		Debug|Any CPU = Debug|Any CPU
		Debug|ARM = Debug|ARM
		Debug|x64 = Debug|x64
		Debug|x86 = Debug|x86
		Release|Any CPU = Release|Any CPU
		Release|ARM = Release|ARM
		Release|x64 = Release|x64
		Release|x86 = Release|x86
	EndGlobalSection
	GlobalSection(ProjectConfigurationPlatforms) = postSolution
		{CD7D0813-C613-4788-A428-31DC5605CF7B}.Debug|Any CPU.ActiveCfg = Debug|Any CPU
		{CD7D0813-C613-4788-A428-31DC5605CF7B}.Debug|Any CPU.Build.0 = Debug|Any CPU
		{CD7D0813-C613-4788-A428-31DC5605CF7B}.Debug|ARM.ActiveCfg = Debug|Any CPU
		{CD7D0813-C613-4788-A428-31DC5605CF7B}.Debug|ARM.Build.0 = Debug|Any CPU
		{CD7D0813-C613-4788-A428-31DC5605CF7B}.Debug|x64.ActiveCfg = Debug|Any CPU
		{CD7D0813-C613-4788-A428-31DC5605CF7B}.Debug|x64.Build.0 = Debug|Any CPU
		{CD7D0813-C613-4788-A428-31DC5605CF7B}.Debug|x86.ActiveCfg = Debug|Any CPU
		{CD7D0813-C613-4788-A428-31DC5605CF7B}.Debug|x86.Build.0 = Debug|Any CPU
		{CD7D0813-C613-4788-A428-31DC5605CF7B}.Release|Any CPU.ActiveCfg = Release|Any CPU
		{CD7D0813-C613-4788-A428-31DC5605CF7B}.Release|Any CPU.Build.0 = Release|Any CPU
		{CD7D0813-C613-4788-A428-31DC5605CF7B}.Release|ARM.ActiveCfg = Release|Any CPU
		{CD7D0813-C613-4788-A428-31DC5605CF7B}.Release|ARM.Build.0 = Release|Any CPU
		{CD7D0813-C613-4788-A428-31DC5605CF7B}.Release|x64.ActiveCfg = Release|Any CPU
		{CD7D0813-C613-4788-A428-31DC5605CF7B}.Release|x64.Build.0 = Release|Any CPU
		{CD7D0813-C613-4788-A428-31DC5605CF7B}.Release|x86.ActiveCfg = Release|Any CPU
		{CD7D0813-C613-4788-A428-31DC5605CF7B}.Release|x86.Build.0 = Release|Any CPU
		{6E01FF7E-6178-466F-83D2-633E861B7617}.Debug|Any CPU.ActiveCfg = Debug|Any CPU
		{6E01FF7E-6178-466F-83D2-633E861B7617}.Debug|Any CPU.Build.0 = Debug|Any CPU
		{6E01FF7E-6178-466F-83D2-633E861B7617}.Debug|ARM.ActiveCfg = Debug|Any CPU
		{6E01FF7E-6178-466F-83D2-633E861B7617}.Debug|ARM.Build.0 = Debug|Any CPU
		{6E01FF7E-6178-466F-83D2-633E861B7617}.Debug|x64.ActiveCfg = Debug|Any CPU
		{6E01FF7E-6178-466F-83D2-633E861B7617}.Debug|x64.Build.0 = Debug|Any CPU
		{6E01FF7E-6178-466F-83D2-633E861B7617}.Debug|x86.ActiveCfg = Debug|Any CPU
		{6E01FF7E-6178-466F-83D2-633E861B7617}.Debug|x86.Build.0 = Debug|Any CPU
		{6E01FF7E-6178-466F-83D2-633E861B7617}.Release|Any CPU.ActiveCfg = Release|Any CPU
		{6E01FF7E-6178-466F-83D2-633E861B7617}.Release|Any CPU.Build.0 = Release|Any CPU
		{6E01FF7E-6178-466F-83D2-633E861B7617}.Release|ARM.ActiveCfg = Release|Any CPU
		{6E01FF7E-6178-466F-83D2-633E861B7617}.Release|ARM.Build.0 = Release|Any CPU
		{6E01FF7E-6178-466F-83D2-633E861B7617}.Release|x64.ActiveCfg = Release|Any CPU
		{6E01FF7E-6178-466F-83D2-633E861B7617}.Release|x64.Build.0 = Release|Any CPU
		{6E01FF7E-6178-466F-83D2-633E861B7617}.Release|x86.ActiveCfg = Release|Any CPU
		{6E01FF7E-6178-466F-83D2-633E861B7617}.Release|x86.Build.0 = Release|Any CPU
		{D127B70B-FDD2-4057-AAFE-989CDA1B8E51}.Debug|Any CPU.ActiveCfg = Debug|Any CPU
		{D127B70B-FDD2-4057-AAFE-989CDA1B8E51}.Debug|Any CPU.Build.0 = Debug|Any CPU
		{D127B70B-FDD2-4057-AAFE-989CDA1B8E51}.Debug|ARM.ActiveCfg = Debug|Any CPU
		{D127B70B-FDD2-4057-AAFE-989CDA1B8E51}.Debug|ARM.Build.0 = Debug|Any CPU
		{D127B70B-FDD2-4057-AAFE-989CDA1B8E51}.Debug|x64.ActiveCfg = Debug|Any CPU
		{D127B70B-FDD2-4057-AAFE-989CDA1B8E51}.Debug|x64.Build.0 = Debug|Any CPU
		{D127B70B-FDD2-4057-AAFE-989CDA1B8E51}.Debug|x86.ActiveCfg = Debug|Any CPU
		{D127B70B-FDD2-4057-AAFE-989CDA1B8E51}.Debug|x86.Build.0 = Debug|Any CPU
		{D127B70B-FDD2-4057-AAFE-989CDA1B8E51}.Release|Any CPU.ActiveCfg = Release|Any CPU
		{D127B70B-FDD2-4057-AAFE-989CDA1B8E51}.Release|Any CPU.Build.0 = Release|Any CPU
		{D127B70B-FDD2-4057-AAFE-989CDA1B8E51}.Release|ARM.ActiveCfg = Release|Any CPU
		{D127B70B-FDD2-4057-AAFE-989CDA1B8E51}.Release|ARM.Build.0 = Release|Any CPU
		{D127B70B-FDD2-4057-AAFE-989CDA1B8E51}.Release|x64.ActiveCfg = Release|Any CPU
		{D127B70B-FDD2-4057-AAFE-989CDA1B8E51}.Release|x64.Build.0 = Release|Any CPU
		{D127B70B-FDD2-4057-AAFE-989CDA1B8E51}.Release|x86.ActiveCfg = Release|Any CPU
		{D127B70B-FDD2-4057-AAFE-989CDA1B8E51}.Release|x86.Build.0 = Release|Any CPU
		{AB3652F1-AC30-4522-A1EE-1758A6EF6F5C}.Debug|Any CPU.ActiveCfg = Debug|Any CPU
		{AB3652F1-AC30-4522-A1EE-1758A6EF6F5C}.Debug|Any CPU.Build.0 = Debug|Any CPU
		{AB3652F1-AC30-4522-A1EE-1758A6EF6F5C}.Debug|ARM.ActiveCfg = Debug|Any CPU
		{AB3652F1-AC30-4522-A1EE-1758A6EF6F5C}.Debug|ARM.Build.0 = Debug|Any CPU
		{AB3652F1-AC30-4522-A1EE-1758A6EF6F5C}.Debug|x64.ActiveCfg = Debug|Any CPU
		{AB3652F1-AC30-4522-A1EE-1758A6EF6F5C}.Debug|x64.Build.0 = Debug|Any CPU
		{AB3652F1-AC30-4522-A1EE-1758A6EF6F5C}.Debug|x86.ActiveCfg = Debug|Any CPU
		{AB3652F1-AC30-4522-A1EE-1758A6EF6F5C}.Debug|x86.Build.0 = Debug|Any CPU
		{AB3652F1-AC30-4522-A1EE-1758A6EF6F5C}.Release|Any CPU.ActiveCfg = Release|Any CPU
		{AB3652F1-AC30-4522-A1EE-1758A6EF6F5C}.Release|Any CPU.Build.0 = Release|Any CPU
		{AB3652F1-AC30-4522-A1EE-1758A6EF6F5C}.Release|ARM.ActiveCfg = Release|Any CPU
		{AB3652F1-AC30-4522-A1EE-1758A6EF6F5C}.Release|ARM.Build.0 = Release|Any CPU
		{AB3652F1-AC30-4522-A1EE-1758A6EF6F5C}.Release|x64.ActiveCfg = Release|Any CPU
		{AB3652F1-AC30-4522-A1EE-1758A6EF6F5C}.Release|x64.Build.0 = Release|Any CPU
		{AB3652F1-AC30-4522-A1EE-1758A6EF6F5C}.Release|x86.ActiveCfg = Release|Any CPU
		{AB3652F1-AC30-4522-A1EE-1758A6EF6F5C}.Release|x86.Build.0 = Release|Any CPU
		{84A6BAA7-32B3-4D99-9280-87023BFF0A5B}.Debug|Any CPU.ActiveCfg = Debug|Any CPU
		{84A6BAA7-32B3-4D99-9280-87023BFF0A5B}.Debug|Any CPU.Build.0 = Debug|Any CPU
		{84A6BAA7-32B3-4D99-9280-87023BFF0A5B}.Debug|ARM.ActiveCfg = Debug|Any CPU
		{84A6BAA7-32B3-4D99-9280-87023BFF0A5B}.Debug|ARM.Build.0 = Debug|Any CPU
		{84A6BAA7-32B3-4D99-9280-87023BFF0A5B}.Debug|x64.ActiveCfg = Debug|Any CPU
		{84A6BAA7-32B3-4D99-9280-87023BFF0A5B}.Debug|x64.Build.0 = Debug|Any CPU
		{84A6BAA7-32B3-4D99-9280-87023BFF0A5B}.Debug|x86.ActiveCfg = Debug|Any CPU
		{84A6BAA7-32B3-4D99-9280-87023BFF0A5B}.Debug|x86.Build.0 = Debug|Any CPU
		{84A6BAA7-32B3-4D99-9280-87023BFF0A5B}.Release|Any CPU.ActiveCfg = Release|Any CPU
		{84A6BAA7-32B3-4D99-9280-87023BFF0A5B}.Release|Any CPU.Build.0 = Release|Any CPU
		{84A6BAA7-32B3-4D99-9280-87023BFF0A5B}.Release|ARM.ActiveCfg = Release|Any CPU
		{84A6BAA7-32B3-4D99-9280-87023BFF0A5B}.Release|ARM.Build.0 = Release|Any CPU
		{84A6BAA7-32B3-4D99-9280-87023BFF0A5B}.Release|x64.ActiveCfg = Release|Any CPU
		{84A6BAA7-32B3-4D99-9280-87023BFF0A5B}.Release|x64.Build.0 = Release|Any CPU
		{84A6BAA7-32B3-4D99-9280-87023BFF0A5B}.Release|x86.ActiveCfg = Release|Any CPU
		{84A6BAA7-32B3-4D99-9280-87023BFF0A5B}.Release|x86.Build.0 = Release|Any CPU
		{032503EB-5C03-4C7A-851F-20886B43ED0D}.Debug|Any CPU.ActiveCfg = Debug|Any CPU
		{032503EB-5C03-4C7A-851F-20886B43ED0D}.Debug|Any CPU.Build.0 = Debug|Any CPU
		{032503EB-5C03-4C7A-851F-20886B43ED0D}.Debug|ARM.ActiveCfg = Debug|Any CPU
		{032503EB-5C03-4C7A-851F-20886B43ED0D}.Debug|ARM.Build.0 = Debug|Any CPU
		{032503EB-5C03-4C7A-851F-20886B43ED0D}.Debug|x64.ActiveCfg = Debug|Any CPU
		{032503EB-5C03-4C7A-851F-20886B43ED0D}.Debug|x64.Build.0 = Debug|Any CPU
		{032503EB-5C03-4C7A-851F-20886B43ED0D}.Debug|x86.ActiveCfg = Debug|Any CPU
		{032503EB-5C03-4C7A-851F-20886B43ED0D}.Debug|x86.Build.0 = Debug|Any CPU
		{032503EB-5C03-4C7A-851F-20886B43ED0D}.Release|Any CPU.ActiveCfg = Release|Any CPU
		{032503EB-5C03-4C7A-851F-20886B43ED0D}.Release|Any CPU.Build.0 = Release|Any CPU
		{032503EB-5C03-4C7A-851F-20886B43ED0D}.Release|ARM.ActiveCfg = Release|Any CPU
		{032503EB-5C03-4C7A-851F-20886B43ED0D}.Release|ARM.Build.0 = Release|Any CPU
		{032503EB-5C03-4C7A-851F-20886B43ED0D}.Release|x64.ActiveCfg = Release|Any CPU
		{032503EB-5C03-4C7A-851F-20886B43ED0D}.Release|x64.Build.0 = Release|Any CPU
		{032503EB-5C03-4C7A-851F-20886B43ED0D}.Release|x86.ActiveCfg = Release|Any CPU
		{032503EB-5C03-4C7A-851F-20886B43ED0D}.Release|x86.Build.0 = Release|Any CPU
		{1E189EA8-AFFA-493B-AED8-3C058E617F30}.Debug|Any CPU.ActiveCfg = Debug|Any CPU
		{1E189EA8-AFFA-493B-AED8-3C058E617F30}.Debug|Any CPU.Build.0 = Debug|Any CPU
		{1E189EA8-AFFA-493B-AED8-3C058E617F30}.Debug|ARM.ActiveCfg = Debug|Any CPU
		{1E189EA8-AFFA-493B-AED8-3C058E617F30}.Debug|ARM.Build.0 = Debug|Any CPU
		{1E189EA8-AFFA-493B-AED8-3C058E617F30}.Debug|x64.ActiveCfg = Debug|Any CPU
		{1E189EA8-AFFA-493B-AED8-3C058E617F30}.Debug|x64.Build.0 = Debug|Any CPU
		{1E189EA8-AFFA-493B-AED8-3C058E617F30}.Debug|x86.ActiveCfg = Debug|Any CPU
		{1E189EA8-AFFA-493B-AED8-3C058E617F30}.Debug|x86.Build.0 = Debug|Any CPU
		{1E189EA8-AFFA-493B-AED8-3C058E617F30}.Release|Any CPU.ActiveCfg = Release|Any CPU
		{1E189EA8-AFFA-493B-AED8-3C058E617F30}.Release|Any CPU.Build.0 = Release|Any CPU
		{1E189EA8-AFFA-493B-AED8-3C058E617F30}.Release|ARM.ActiveCfg = Release|Any CPU
		{1E189EA8-AFFA-493B-AED8-3C058E617F30}.Release|ARM.Build.0 = Release|Any CPU
		{1E189EA8-AFFA-493B-AED8-3C058E617F30}.Release|x64.ActiveCfg = Release|Any CPU
		{1E189EA8-AFFA-493B-AED8-3C058E617F30}.Release|x64.Build.0 = Release|Any CPU
		{1E189EA8-AFFA-493B-AED8-3C058E617F30}.Release|x86.ActiveCfg = Release|Any CPU
		{1E189EA8-AFFA-493B-AED8-3C058E617F30}.Release|x86.Build.0 = Release|Any CPU
		{1B8F4753-DDE4-4B12-B45A-B26EC900A95A}.Debug|Any CPU.ActiveCfg = Debug|Any CPU
		{1B8F4753-DDE4-4B12-B45A-B26EC900A95A}.Debug|Any CPU.Build.0 = Debug|Any CPU
		{1B8F4753-DDE4-4B12-B45A-B26EC900A95A}.Debug|ARM.ActiveCfg = Debug|Any CPU
		{1B8F4753-DDE4-4B12-B45A-B26EC900A95A}.Debug|ARM.Build.0 = Debug|Any CPU
		{1B8F4753-DDE4-4B12-B45A-B26EC900A95A}.Debug|x64.ActiveCfg = Debug|Any CPU
		{1B8F4753-DDE4-4B12-B45A-B26EC900A95A}.Debug|x64.Build.0 = Debug|Any CPU
		{1B8F4753-DDE4-4B12-B45A-B26EC900A95A}.Debug|x86.ActiveCfg = Debug|Any CPU
		{1B8F4753-DDE4-4B12-B45A-B26EC900A95A}.Debug|x86.Build.0 = Debug|Any CPU
		{1B8F4753-DDE4-4B12-B45A-B26EC900A95A}.Release|Any CPU.ActiveCfg = Release|Any CPU
		{1B8F4753-DDE4-4B12-B45A-B26EC900A95A}.Release|Any CPU.Build.0 = Release|Any CPU
		{1B8F4753-DDE4-4B12-B45A-B26EC900A95A}.Release|ARM.ActiveCfg = Release|Any CPU
		{1B8F4753-DDE4-4B12-B45A-B26EC900A95A}.Release|ARM.Build.0 = Release|Any CPU
		{1B8F4753-DDE4-4B12-B45A-B26EC900A95A}.Release|x64.ActiveCfg = Release|Any CPU
		{1B8F4753-DDE4-4B12-B45A-B26EC900A95A}.Release|x64.Build.0 = Release|Any CPU
		{1B8F4753-DDE4-4B12-B45A-B26EC900A95A}.Release|x86.ActiveCfg = Release|Any CPU
		{1B8F4753-DDE4-4B12-B45A-B26EC900A95A}.Release|x86.Build.0 = Release|Any CPU
		{36699147-16BD-40A5-92E3-9E560120374F}.Debug|Any CPU.ActiveCfg = Debug|Any CPU
		{36699147-16BD-40A5-92E3-9E560120374F}.Debug|Any CPU.Build.0 = Debug|Any CPU
		{36699147-16BD-40A5-92E3-9E560120374F}.Debug|ARM.ActiveCfg = Debug|Any CPU
		{36699147-16BD-40A5-92E3-9E560120374F}.Debug|ARM.Build.0 = Debug|Any CPU
		{36699147-16BD-40A5-92E3-9E560120374F}.Debug|x64.ActiveCfg = Debug|Any CPU
		{36699147-16BD-40A5-92E3-9E560120374F}.Debug|x64.Build.0 = Debug|Any CPU
		{36699147-16BD-40A5-92E3-9E560120374F}.Debug|x86.ActiveCfg = Debug|Any CPU
		{36699147-16BD-40A5-92E3-9E560120374F}.Debug|x86.Build.0 = Debug|Any CPU
		{36699147-16BD-40A5-92E3-9E560120374F}.Release|Any CPU.ActiveCfg = Release|Any CPU
		{36699147-16BD-40A5-92E3-9E560120374F}.Release|Any CPU.Build.0 = Release|Any CPU
		{36699147-16BD-40A5-92E3-9E560120374F}.Release|ARM.ActiveCfg = Release|Any CPU
		{36699147-16BD-40A5-92E3-9E560120374F}.Release|ARM.Build.0 = Release|Any CPU
		{36699147-16BD-40A5-92E3-9E560120374F}.Release|x64.ActiveCfg = Release|Any CPU
		{36699147-16BD-40A5-92E3-9E560120374F}.Release|x64.Build.0 = Release|Any CPU
		{36699147-16BD-40A5-92E3-9E560120374F}.Release|x86.ActiveCfg = Release|Any CPU
		{36699147-16BD-40A5-92E3-9E560120374F}.Release|x86.Build.0 = Release|Any CPU
		{B5CDA814-736C-429D-B614-0BEBA70E185F}.Debug|Any CPU.ActiveCfg = Debug|Any CPU
		{B5CDA814-736C-429D-B614-0BEBA70E185F}.Debug|Any CPU.Build.0 = Debug|Any CPU
		{B5CDA814-736C-429D-B614-0BEBA70E185F}.Debug|ARM.ActiveCfg = Debug|Any CPU
		{B5CDA814-736C-429D-B614-0BEBA70E185F}.Debug|ARM.Build.0 = Debug|Any CPU
		{B5CDA814-736C-429D-B614-0BEBA70E185F}.Debug|x64.ActiveCfg = Debug|Any CPU
		{B5CDA814-736C-429D-B614-0BEBA70E185F}.Debug|x64.Build.0 = Debug|Any CPU
		{B5CDA814-736C-429D-B614-0BEBA70E185F}.Debug|x86.ActiveCfg = Debug|Any CPU
		{B5CDA814-736C-429D-B614-0BEBA70E185F}.Debug|x86.Build.0 = Debug|Any CPU
		{B5CDA814-736C-429D-B614-0BEBA70E185F}.Release|Any CPU.ActiveCfg = Release|Any CPU
		{B5CDA814-736C-429D-B614-0BEBA70E185F}.Release|Any CPU.Build.0 = Release|Any CPU
		{B5CDA814-736C-429D-B614-0BEBA70E185F}.Release|ARM.ActiveCfg = Release|Any CPU
		{B5CDA814-736C-429D-B614-0BEBA70E185F}.Release|ARM.Build.0 = Release|Any CPU
		{B5CDA814-736C-429D-B614-0BEBA70E185F}.Release|x64.ActiveCfg = Release|Any CPU
		{B5CDA814-736C-429D-B614-0BEBA70E185F}.Release|x64.Build.0 = Release|Any CPU
		{B5CDA814-736C-429D-B614-0BEBA70E185F}.Release|x86.ActiveCfg = Release|Any CPU
		{B5CDA814-736C-429D-B614-0BEBA70E185F}.Release|x86.Build.0 = Release|Any CPU
		{7E50B6DE-499B-42F2-8419-6F87C71F8BB2}.Debug|Any CPU.ActiveCfg = Debug|Any CPU
		{7E50B6DE-499B-42F2-8419-6F87C71F8BB2}.Debug|Any CPU.Build.0 = Debug|Any CPU
		{7E50B6DE-499B-42F2-8419-6F87C71F8BB2}.Debug|ARM.ActiveCfg = Debug|Any CPU
		{7E50B6DE-499B-42F2-8419-6F87C71F8BB2}.Debug|ARM.Build.0 = Debug|Any CPU
		{7E50B6DE-499B-42F2-8419-6F87C71F8BB2}.Debug|x64.ActiveCfg = Debug|Any CPU
		{7E50B6DE-499B-42F2-8419-6F87C71F8BB2}.Debug|x64.Build.0 = Debug|Any CPU
		{7E50B6DE-499B-42F2-8419-6F87C71F8BB2}.Debug|x86.ActiveCfg = Debug|Any CPU
		{7E50B6DE-499B-42F2-8419-6F87C71F8BB2}.Debug|x86.Build.0 = Debug|Any CPU
		{7E50B6DE-499B-42F2-8419-6F87C71F8BB2}.Release|Any CPU.ActiveCfg = Release|Any CPU
		{7E50B6DE-499B-42F2-8419-6F87C71F8BB2}.Release|Any CPU.Build.0 = Release|Any CPU
		{7E50B6DE-499B-42F2-8419-6F87C71F8BB2}.Release|ARM.ActiveCfg = Release|Any CPU
		{7E50B6DE-499B-42F2-8419-6F87C71F8BB2}.Release|ARM.Build.0 = Release|Any CPU
		{7E50B6DE-499B-42F2-8419-6F87C71F8BB2}.Release|x64.ActiveCfg = Release|Any CPU
		{7E50B6DE-499B-42F2-8419-6F87C71F8BB2}.Release|x64.Build.0 = Release|Any CPU
		{7E50B6DE-499B-42F2-8419-6F87C71F8BB2}.Release|x86.ActiveCfg = Release|Any CPU
		{7E50B6DE-499B-42F2-8419-6F87C71F8BB2}.Release|x86.Build.0 = Release|Any CPU
		{85376A51-1189-4B08-BF94-12A894D17AEB}.Debug|Any CPU.ActiveCfg = Debug|Any CPU
		{85376A51-1189-4B08-BF94-12A894D17AEB}.Debug|Any CPU.Build.0 = Debug|Any CPU
		{85376A51-1189-4B08-BF94-12A894D17AEB}.Debug|ARM.ActiveCfg = Debug|Any CPU
		{85376A51-1189-4B08-BF94-12A894D17AEB}.Debug|ARM.Build.0 = Debug|Any CPU
		{85376A51-1189-4B08-BF94-12A894D17AEB}.Debug|x64.ActiveCfg = Debug|Any CPU
		{85376A51-1189-4B08-BF94-12A894D17AEB}.Debug|x64.Build.0 = Debug|Any CPU
		{85376A51-1189-4B08-BF94-12A894D17AEB}.Debug|x86.ActiveCfg = Debug|Any CPU
		{85376A51-1189-4B08-BF94-12A894D17AEB}.Debug|x86.Build.0 = Debug|Any CPU
		{85376A51-1189-4B08-BF94-12A894D17AEB}.Release|Any CPU.ActiveCfg = Release|Any CPU
		{85376A51-1189-4B08-BF94-12A894D17AEB}.Release|Any CPU.Build.0 = Release|Any CPU
		{85376A51-1189-4B08-BF94-12A894D17AEB}.Release|ARM.ActiveCfg = Release|Any CPU
		{85376A51-1189-4B08-BF94-12A894D17AEB}.Release|ARM.Build.0 = Release|Any CPU
		{85376A51-1189-4B08-BF94-12A894D17AEB}.Release|x64.ActiveCfg = Release|Any CPU
		{85376A51-1189-4B08-BF94-12A894D17AEB}.Release|x64.Build.0 = Release|Any CPU
		{85376A51-1189-4B08-BF94-12A894D17AEB}.Release|x86.ActiveCfg = Release|Any CPU
		{85376A51-1189-4B08-BF94-12A894D17AEB}.Release|x86.Build.0 = Release|Any CPU
		{6E54CA25-CF76-4EAF-B445-6087432D20A1}.Debug|Any CPU.ActiveCfg = Debug|Any CPU
		{6E54CA25-CF76-4EAF-B445-6087432D20A1}.Debug|Any CPU.Build.0 = Debug|Any CPU
		{6E54CA25-CF76-4EAF-B445-6087432D20A1}.Debug|ARM.ActiveCfg = Debug|Any CPU
		{6E54CA25-CF76-4EAF-B445-6087432D20A1}.Debug|ARM.Build.0 = Debug|Any CPU
		{6E54CA25-CF76-4EAF-B445-6087432D20A1}.Debug|x64.ActiveCfg = Debug|Any CPU
		{6E54CA25-CF76-4EAF-B445-6087432D20A1}.Debug|x64.Build.0 = Debug|Any CPU
		{6E54CA25-CF76-4EAF-B445-6087432D20A1}.Debug|x86.ActiveCfg = Debug|Any CPU
		{6E54CA25-CF76-4EAF-B445-6087432D20A1}.Debug|x86.Build.0 = Debug|Any CPU
		{6E54CA25-CF76-4EAF-B445-6087432D20A1}.Release|Any CPU.ActiveCfg = Release|Any CPU
		{6E54CA25-CF76-4EAF-B445-6087432D20A1}.Release|Any CPU.Build.0 = Release|Any CPU
		{6E54CA25-CF76-4EAF-B445-6087432D20A1}.Release|ARM.ActiveCfg = Release|Any CPU
		{6E54CA25-CF76-4EAF-B445-6087432D20A1}.Release|ARM.Build.0 = Release|Any CPU
		{6E54CA25-CF76-4EAF-B445-6087432D20A1}.Release|x64.ActiveCfg = Release|Any CPU
		{6E54CA25-CF76-4EAF-B445-6087432D20A1}.Release|x64.Build.0 = Release|Any CPU
		{6E54CA25-CF76-4EAF-B445-6087432D20A1}.Release|x86.ActiveCfg = Release|Any CPU
		{6E54CA25-CF76-4EAF-B445-6087432D20A1}.Release|x86.Build.0 = Release|Any CPU
		{687FC7B7-9A07-4DC2-BDB2-5EAA3A58956A}.Debug|Any CPU.ActiveCfg = Debug|Any CPU
		{687FC7B7-9A07-4DC2-BDB2-5EAA3A58956A}.Debug|Any CPU.Build.0 = Debug|Any CPU
		{687FC7B7-9A07-4DC2-BDB2-5EAA3A58956A}.Debug|ARM.ActiveCfg = Debug|Any CPU
		{687FC7B7-9A07-4DC2-BDB2-5EAA3A58956A}.Debug|ARM.Build.0 = Debug|Any CPU
		{687FC7B7-9A07-4DC2-BDB2-5EAA3A58956A}.Debug|x64.ActiveCfg = Debug|Any CPU
		{687FC7B7-9A07-4DC2-BDB2-5EAA3A58956A}.Debug|x64.Build.0 = Debug|Any CPU
		{687FC7B7-9A07-4DC2-BDB2-5EAA3A58956A}.Debug|x86.ActiveCfg = Debug|Any CPU
		{687FC7B7-9A07-4DC2-BDB2-5EAA3A58956A}.Debug|x86.Build.0 = Debug|Any CPU
		{687FC7B7-9A07-4DC2-BDB2-5EAA3A58956A}.Release|Any CPU.ActiveCfg = Release|Any CPU
		{687FC7B7-9A07-4DC2-BDB2-5EAA3A58956A}.Release|Any CPU.Build.0 = Release|Any CPU
		{687FC7B7-9A07-4DC2-BDB2-5EAA3A58956A}.Release|ARM.ActiveCfg = Release|Any CPU
		{687FC7B7-9A07-4DC2-BDB2-5EAA3A58956A}.Release|ARM.Build.0 = Release|Any CPU
		{687FC7B7-9A07-4DC2-BDB2-5EAA3A58956A}.Release|x64.ActiveCfg = Release|Any CPU
		{687FC7B7-9A07-4DC2-BDB2-5EAA3A58956A}.Release|x64.Build.0 = Release|Any CPU
		{687FC7B7-9A07-4DC2-BDB2-5EAA3A58956A}.Release|x86.ActiveCfg = Release|Any CPU
		{687FC7B7-9A07-4DC2-BDB2-5EAA3A58956A}.Release|x86.Build.0 = Release|Any CPU
		{3F8D6B13-B483-4873-8946-106D25BF6212}.Debug|Any CPU.ActiveCfg = Debug|Any CPU
		{3F8D6B13-B483-4873-8946-106D25BF6212}.Debug|Any CPU.Build.0 = Debug|Any CPU
		{3F8D6B13-B483-4873-8946-106D25BF6212}.Debug|ARM.ActiveCfg = Debug|Any CPU
		{3F8D6B13-B483-4873-8946-106D25BF6212}.Debug|ARM.Build.0 = Debug|Any CPU
		{3F8D6B13-B483-4873-8946-106D25BF6212}.Debug|x64.ActiveCfg = Debug|Any CPU
		{3F8D6B13-B483-4873-8946-106D25BF6212}.Debug|x64.Build.0 = Debug|Any CPU
		{3F8D6B13-B483-4873-8946-106D25BF6212}.Debug|x86.ActiveCfg = Debug|Any CPU
		{3F8D6B13-B483-4873-8946-106D25BF6212}.Debug|x86.Build.0 = Debug|Any CPU
		{3F8D6B13-B483-4873-8946-106D25BF6212}.Release|Any CPU.ActiveCfg = Release|Any CPU
		{3F8D6B13-B483-4873-8946-106D25BF6212}.Release|Any CPU.Build.0 = Release|Any CPU
		{3F8D6B13-B483-4873-8946-106D25BF6212}.Release|ARM.ActiveCfg = Release|Any CPU
		{3F8D6B13-B483-4873-8946-106D25BF6212}.Release|ARM.Build.0 = Release|Any CPU
		{3F8D6B13-B483-4873-8946-106D25BF6212}.Release|x64.ActiveCfg = Release|Any CPU
		{3F8D6B13-B483-4873-8946-106D25BF6212}.Release|x64.Build.0 = Release|Any CPU
		{3F8D6B13-B483-4873-8946-106D25BF6212}.Release|x86.ActiveCfg = Release|Any CPU
		{3F8D6B13-B483-4873-8946-106D25BF6212}.Release|x86.Build.0 = Release|Any CPU
		{A295CBA8-DBE4-44EF-A673-6372728CEDB0}.Debug|Any CPU.ActiveCfg = Debug|Any CPU
		{A295CBA8-DBE4-44EF-A673-6372728CEDB0}.Debug|Any CPU.Build.0 = Debug|Any CPU
		{A295CBA8-DBE4-44EF-A673-6372728CEDB0}.Debug|ARM.ActiveCfg = Debug|Any CPU
		{A295CBA8-DBE4-44EF-A673-6372728CEDB0}.Debug|ARM.Build.0 = Debug|Any CPU
		{A295CBA8-DBE4-44EF-A673-6372728CEDB0}.Debug|x64.ActiveCfg = Debug|Any CPU
		{A295CBA8-DBE4-44EF-A673-6372728CEDB0}.Debug|x64.Build.0 = Debug|Any CPU
		{A295CBA8-DBE4-44EF-A673-6372728CEDB0}.Debug|x86.ActiveCfg = Debug|Any CPU
		{A295CBA8-DBE4-44EF-A673-6372728CEDB0}.Debug|x86.Build.0 = Debug|Any CPU
		{A295CBA8-DBE4-44EF-A673-6372728CEDB0}.Release|Any CPU.ActiveCfg = Release|Any CPU
		{A295CBA8-DBE4-44EF-A673-6372728CEDB0}.Release|Any CPU.Build.0 = Release|Any CPU
		{A295CBA8-DBE4-44EF-A673-6372728CEDB0}.Release|ARM.ActiveCfg = Release|Any CPU
		{A295CBA8-DBE4-44EF-A673-6372728CEDB0}.Release|ARM.Build.0 = Release|Any CPU
		{A295CBA8-DBE4-44EF-A673-6372728CEDB0}.Release|x64.ActiveCfg = Release|Any CPU
		{A295CBA8-DBE4-44EF-A673-6372728CEDB0}.Release|x64.Build.0 = Release|Any CPU
		{A295CBA8-DBE4-44EF-A673-6372728CEDB0}.Release|x86.ActiveCfg = Release|Any CPU
		{A295CBA8-DBE4-44EF-A673-6372728CEDB0}.Release|x86.Build.0 = Release|Any CPU
		{B998C26B-90BD-4AEB-93C3-9AA35F888C69}.Debug|Any CPU.ActiveCfg = Debug|Any CPU
		{B998C26B-90BD-4AEB-93C3-9AA35F888C69}.Debug|Any CPU.Build.0 = Debug|Any CPU
		{B998C26B-90BD-4AEB-93C3-9AA35F888C69}.Debug|ARM.ActiveCfg = Debug|Any CPU
		{B998C26B-90BD-4AEB-93C3-9AA35F888C69}.Debug|ARM.Build.0 = Debug|Any CPU
		{B998C26B-90BD-4AEB-93C3-9AA35F888C69}.Debug|x64.ActiveCfg = Debug|Any CPU
		{B998C26B-90BD-4AEB-93C3-9AA35F888C69}.Debug|x64.Build.0 = Debug|Any CPU
		{B998C26B-90BD-4AEB-93C3-9AA35F888C69}.Debug|x86.ActiveCfg = Debug|Any CPU
		{B998C26B-90BD-4AEB-93C3-9AA35F888C69}.Debug|x86.Build.0 = Debug|Any CPU
		{B998C26B-90BD-4AEB-93C3-9AA35F888C69}.Release|Any CPU.ActiveCfg = Release|Any CPU
		{B998C26B-90BD-4AEB-93C3-9AA35F888C69}.Release|Any CPU.Build.0 = Release|Any CPU
		{B998C26B-90BD-4AEB-93C3-9AA35F888C69}.Release|ARM.ActiveCfg = Release|Any CPU
		{B998C26B-90BD-4AEB-93C3-9AA35F888C69}.Release|ARM.Build.0 = Release|Any CPU
		{B998C26B-90BD-4AEB-93C3-9AA35F888C69}.Release|x64.ActiveCfg = Release|Any CPU
		{B998C26B-90BD-4AEB-93C3-9AA35F888C69}.Release|x64.Build.0 = Release|Any CPU
		{B998C26B-90BD-4AEB-93C3-9AA35F888C69}.Release|x86.ActiveCfg = Release|Any CPU
		{B998C26B-90BD-4AEB-93C3-9AA35F888C69}.Release|x86.Build.0 = Release|Any CPU
		{B6F7564D-DE39-4724-894A-EE49CE2AEE47}.Debug|Any CPU.ActiveCfg = Debug|Any CPU
		{B6F7564D-DE39-4724-894A-EE49CE2AEE47}.Debug|Any CPU.Build.0 = Debug|Any CPU
		{B6F7564D-DE39-4724-894A-EE49CE2AEE47}.Debug|ARM.ActiveCfg = Debug|Any CPU
		{B6F7564D-DE39-4724-894A-EE49CE2AEE47}.Debug|ARM.Build.0 = Debug|Any CPU
		{B6F7564D-DE39-4724-894A-EE49CE2AEE47}.Debug|x64.ActiveCfg = Debug|Any CPU
		{B6F7564D-DE39-4724-894A-EE49CE2AEE47}.Debug|x64.Build.0 = Debug|Any CPU
		{B6F7564D-DE39-4724-894A-EE49CE2AEE47}.Debug|x86.ActiveCfg = Debug|Any CPU
		{B6F7564D-DE39-4724-894A-EE49CE2AEE47}.Debug|x86.Build.0 = Debug|Any CPU
		{B6F7564D-DE39-4724-894A-EE49CE2AEE47}.Release|Any CPU.ActiveCfg = Release|Any CPU
		{B6F7564D-DE39-4724-894A-EE49CE2AEE47}.Release|Any CPU.Build.0 = Release|Any CPU
		{B6F7564D-DE39-4724-894A-EE49CE2AEE47}.Release|ARM.ActiveCfg = Release|Any CPU
		{B6F7564D-DE39-4724-894A-EE49CE2AEE47}.Release|ARM.Build.0 = Release|Any CPU
		{B6F7564D-DE39-4724-894A-EE49CE2AEE47}.Release|x64.ActiveCfg = Release|Any CPU
		{B6F7564D-DE39-4724-894A-EE49CE2AEE47}.Release|x64.Build.0 = Release|Any CPU
		{B6F7564D-DE39-4724-894A-EE49CE2AEE47}.Release|x86.ActiveCfg = Release|Any CPU
		{B6F7564D-DE39-4724-894A-EE49CE2AEE47}.Release|x86.Build.0 = Release|Any CPU
		{28715B81-50FA-423B-9869-F85F0FB2367E}.Debug|Any CPU.ActiveCfg = Debug|Any CPU
		{28715B81-50FA-423B-9869-F85F0FB2367E}.Debug|Any CPU.Build.0 = Debug|Any CPU
		{28715B81-50FA-423B-9869-F85F0FB2367E}.Debug|ARM.ActiveCfg = Debug|Any CPU
		{28715B81-50FA-423B-9869-F85F0FB2367E}.Debug|ARM.Build.0 = Debug|Any CPU
		{28715B81-50FA-423B-9869-F85F0FB2367E}.Debug|x64.ActiveCfg = Debug|Any CPU
		{28715B81-50FA-423B-9869-F85F0FB2367E}.Debug|x64.Build.0 = Debug|Any CPU
		{28715B81-50FA-423B-9869-F85F0FB2367E}.Debug|x86.ActiveCfg = Debug|Any CPU
		{28715B81-50FA-423B-9869-F85F0FB2367E}.Debug|x86.Build.0 = Debug|Any CPU
		{28715B81-50FA-423B-9869-F85F0FB2367E}.Release|Any CPU.ActiveCfg = Release|Any CPU
		{28715B81-50FA-423B-9869-F85F0FB2367E}.Release|Any CPU.Build.0 = Release|Any CPU
		{28715B81-50FA-423B-9869-F85F0FB2367E}.Release|ARM.ActiveCfg = Release|Any CPU
		{28715B81-50FA-423B-9869-F85F0FB2367E}.Release|ARM.Build.0 = Release|Any CPU
		{28715B81-50FA-423B-9869-F85F0FB2367E}.Release|x64.ActiveCfg = Release|Any CPU
		{28715B81-50FA-423B-9869-F85F0FB2367E}.Release|x64.Build.0 = Release|Any CPU
		{28715B81-50FA-423B-9869-F85F0FB2367E}.Release|x86.ActiveCfg = Release|Any CPU
		{28715B81-50FA-423B-9869-F85F0FB2367E}.Release|x86.Build.0 = Release|Any CPU
		{9DE919BA-B5DF-4C1C-A648-9C2526BBC036}.Debug|Any CPU.ActiveCfg = Debug|Any CPU
		{9DE919BA-B5DF-4C1C-A648-9C2526BBC036}.Debug|Any CPU.Build.0 = Debug|Any CPU
		{9DE919BA-B5DF-4C1C-A648-9C2526BBC036}.Debug|ARM.ActiveCfg = Debug|Any CPU
		{9DE919BA-B5DF-4C1C-A648-9C2526BBC036}.Debug|ARM.Build.0 = Debug|Any CPU
		{9DE919BA-B5DF-4C1C-A648-9C2526BBC036}.Debug|x64.ActiveCfg = Debug|Any CPU
		{9DE919BA-B5DF-4C1C-A648-9C2526BBC036}.Debug|x64.Build.0 = Debug|Any CPU
		{9DE919BA-B5DF-4C1C-A648-9C2526BBC036}.Debug|x86.ActiveCfg = Debug|Any CPU
		{9DE919BA-B5DF-4C1C-A648-9C2526BBC036}.Debug|x86.Build.0 = Debug|Any CPU
		{9DE919BA-B5DF-4C1C-A648-9C2526BBC036}.Release|Any CPU.ActiveCfg = Release|Any CPU
		{9DE919BA-B5DF-4C1C-A648-9C2526BBC036}.Release|Any CPU.Build.0 = Release|Any CPU
		{9DE919BA-B5DF-4C1C-A648-9C2526BBC036}.Release|ARM.ActiveCfg = Release|Any CPU
		{9DE919BA-B5DF-4C1C-A648-9C2526BBC036}.Release|ARM.Build.0 = Release|Any CPU
		{9DE919BA-B5DF-4C1C-A648-9C2526BBC036}.Release|x64.ActiveCfg = Release|Any CPU
		{9DE919BA-B5DF-4C1C-A648-9C2526BBC036}.Release|x64.Build.0 = Release|Any CPU
		{9DE919BA-B5DF-4C1C-A648-9C2526BBC036}.Release|x86.ActiveCfg = Release|Any CPU
		{9DE919BA-B5DF-4C1C-A648-9C2526BBC036}.Release|x86.Build.0 = Release|Any CPU
		{20A33007-916F-43F0-9DE8-DBCC1A8E68E7}.Debug|Any CPU.ActiveCfg = Debug|Any CPU
		{20A33007-916F-43F0-9DE8-DBCC1A8E68E7}.Debug|Any CPU.Build.0 = Debug|Any CPU
		{20A33007-916F-43F0-9DE8-DBCC1A8E68E7}.Debug|ARM.ActiveCfg = Debug|Any CPU
		{20A33007-916F-43F0-9DE8-DBCC1A8E68E7}.Debug|ARM.Build.0 = Debug|Any CPU
		{20A33007-916F-43F0-9DE8-DBCC1A8E68E7}.Debug|x64.ActiveCfg = Debug|Any CPU
		{20A33007-916F-43F0-9DE8-DBCC1A8E68E7}.Debug|x64.Build.0 = Debug|Any CPU
		{20A33007-916F-43F0-9DE8-DBCC1A8E68E7}.Debug|x86.ActiveCfg = Debug|Any CPU
		{20A33007-916F-43F0-9DE8-DBCC1A8E68E7}.Debug|x86.Build.0 = Debug|Any CPU
		{20A33007-916F-43F0-9DE8-DBCC1A8E68E7}.Release|Any CPU.ActiveCfg = Release|Any CPU
		{20A33007-916F-43F0-9DE8-DBCC1A8E68E7}.Release|Any CPU.Build.0 = Release|Any CPU
		{20A33007-916F-43F0-9DE8-DBCC1A8E68E7}.Release|ARM.ActiveCfg = Release|Any CPU
		{20A33007-916F-43F0-9DE8-DBCC1A8E68E7}.Release|ARM.Build.0 = Release|Any CPU
		{20A33007-916F-43F0-9DE8-DBCC1A8E68E7}.Release|x64.ActiveCfg = Release|Any CPU
		{20A33007-916F-43F0-9DE8-DBCC1A8E68E7}.Release|x64.Build.0 = Release|Any CPU
		{20A33007-916F-43F0-9DE8-DBCC1A8E68E7}.Release|x86.ActiveCfg = Release|Any CPU
		{20A33007-916F-43F0-9DE8-DBCC1A8E68E7}.Release|x86.Build.0 = Release|Any CPU
		{39AD6D04-BCEC-4E76-99BA-4CC3F3ADBC12}.Debug|Any CPU.ActiveCfg = Debug|Any CPU
		{39AD6D04-BCEC-4E76-99BA-4CC3F3ADBC12}.Debug|Any CPU.Build.0 = Debug|Any CPU
		{39AD6D04-BCEC-4E76-99BA-4CC3F3ADBC12}.Debug|ARM.ActiveCfg = Debug|Any CPU
		{39AD6D04-BCEC-4E76-99BA-4CC3F3ADBC12}.Debug|ARM.Build.0 = Debug|Any CPU
		{39AD6D04-BCEC-4E76-99BA-4CC3F3ADBC12}.Debug|x64.ActiveCfg = Debug|Any CPU
		{39AD6D04-BCEC-4E76-99BA-4CC3F3ADBC12}.Debug|x64.Build.0 = Debug|Any CPU
		{39AD6D04-BCEC-4E76-99BA-4CC3F3ADBC12}.Debug|x86.ActiveCfg = Debug|Any CPU
		{39AD6D04-BCEC-4E76-99BA-4CC3F3ADBC12}.Debug|x86.Build.0 = Debug|Any CPU
		{39AD6D04-BCEC-4E76-99BA-4CC3F3ADBC12}.Release|Any CPU.ActiveCfg = Release|Any CPU
		{39AD6D04-BCEC-4E76-99BA-4CC3F3ADBC12}.Release|Any CPU.Build.0 = Release|Any CPU
		{39AD6D04-BCEC-4E76-99BA-4CC3F3ADBC12}.Release|ARM.ActiveCfg = Release|Any CPU
		{39AD6D04-BCEC-4E76-99BA-4CC3F3ADBC12}.Release|ARM.Build.0 = Release|Any CPU
		{39AD6D04-BCEC-4E76-99BA-4CC3F3ADBC12}.Release|x64.ActiveCfg = Release|Any CPU
		{39AD6D04-BCEC-4E76-99BA-4CC3F3ADBC12}.Release|x64.Build.0 = Release|Any CPU
		{39AD6D04-BCEC-4E76-99BA-4CC3F3ADBC12}.Release|x86.ActiveCfg = Release|Any CPU
		{39AD6D04-BCEC-4E76-99BA-4CC3F3ADBC12}.Release|x86.Build.0 = Release|Any CPU
		{65B5F0EF-5E85-4939-BDA3-62FD5BF2F016}.Debug|Any CPU.ActiveCfg = Debug|Any CPU
		{65B5F0EF-5E85-4939-BDA3-62FD5BF2F016}.Debug|Any CPU.Build.0 = Debug|Any CPU
		{65B5F0EF-5E85-4939-BDA3-62FD5BF2F016}.Debug|ARM.ActiveCfg = Debug|Any CPU
		{65B5F0EF-5E85-4939-BDA3-62FD5BF2F016}.Debug|ARM.Build.0 = Debug|Any CPU
		{65B5F0EF-5E85-4939-BDA3-62FD5BF2F016}.Debug|x64.ActiveCfg = Debug|Any CPU
		{65B5F0EF-5E85-4939-BDA3-62FD5BF2F016}.Debug|x64.Build.0 = Debug|Any CPU
		{65B5F0EF-5E85-4939-BDA3-62FD5BF2F016}.Debug|x86.ActiveCfg = Debug|Any CPU
		{65B5F0EF-5E85-4939-BDA3-62FD5BF2F016}.Debug|x86.Build.0 = Debug|Any CPU
		{65B5F0EF-5E85-4939-BDA3-62FD5BF2F016}.Release|Any CPU.ActiveCfg = Release|Any CPU
		{65B5F0EF-5E85-4939-BDA3-62FD5BF2F016}.Release|Any CPU.Build.0 = Release|Any CPU
		{65B5F0EF-5E85-4939-BDA3-62FD5BF2F016}.Release|ARM.ActiveCfg = Release|Any CPU
		{65B5F0EF-5E85-4939-BDA3-62FD5BF2F016}.Release|ARM.Build.0 = Release|Any CPU
		{65B5F0EF-5E85-4939-BDA3-62FD5BF2F016}.Release|x64.ActiveCfg = Release|Any CPU
		{65B5F0EF-5E85-4939-BDA3-62FD5BF2F016}.Release|x64.Build.0 = Release|Any CPU
		{65B5F0EF-5E85-4939-BDA3-62FD5BF2F016}.Release|x86.ActiveCfg = Release|Any CPU
		{65B5F0EF-5E85-4939-BDA3-62FD5BF2F016}.Release|x86.Build.0 = Release|Any CPU
		{8263F0CC-E6CA-43B0-95D8-8FBB68D523E4}.Debug|Any CPU.ActiveCfg = Debug|Any CPU
		{8263F0CC-E6CA-43B0-95D8-8FBB68D523E4}.Debug|Any CPU.Build.0 = Debug|Any CPU
		{8263F0CC-E6CA-43B0-95D8-8FBB68D523E4}.Debug|ARM.ActiveCfg = Debug|Any CPU
		{8263F0CC-E6CA-43B0-95D8-8FBB68D523E4}.Debug|ARM.Build.0 = Debug|Any CPU
		{8263F0CC-E6CA-43B0-95D8-8FBB68D523E4}.Debug|x64.ActiveCfg = Debug|Any CPU
		{8263F0CC-E6CA-43B0-95D8-8FBB68D523E4}.Debug|x64.Build.0 = Debug|Any CPU
		{8263F0CC-E6CA-43B0-95D8-8FBB68D523E4}.Debug|x86.ActiveCfg = Debug|Any CPU
		{8263F0CC-E6CA-43B0-95D8-8FBB68D523E4}.Debug|x86.Build.0 = Debug|Any CPU
		{8263F0CC-E6CA-43B0-95D8-8FBB68D523E4}.Release|Any CPU.ActiveCfg = Release|Any CPU
		{8263F0CC-E6CA-43B0-95D8-8FBB68D523E4}.Release|Any CPU.Build.0 = Release|Any CPU
		{8263F0CC-E6CA-43B0-95D8-8FBB68D523E4}.Release|ARM.ActiveCfg = Release|Any CPU
		{8263F0CC-E6CA-43B0-95D8-8FBB68D523E4}.Release|ARM.Build.0 = Release|Any CPU
		{8263F0CC-E6CA-43B0-95D8-8FBB68D523E4}.Release|x64.ActiveCfg = Release|Any CPU
		{8263F0CC-E6CA-43B0-95D8-8FBB68D523E4}.Release|x64.Build.0 = Release|Any CPU
		{8263F0CC-E6CA-43B0-95D8-8FBB68D523E4}.Release|x86.ActiveCfg = Release|Any CPU
		{8263F0CC-E6CA-43B0-95D8-8FBB68D523E4}.Release|x86.Build.0 = Release|Any CPU
		{F0DA5F4E-34ED-43CF-B3BD-1185930038AC}.Debug|Any CPU.ActiveCfg = Debug|Any CPU
		{F0DA5F4E-34ED-43CF-B3BD-1185930038AC}.Debug|Any CPU.Build.0 = Debug|Any CPU
		{F0DA5F4E-34ED-43CF-B3BD-1185930038AC}.Debug|ARM.ActiveCfg = Debug|Any CPU
		{F0DA5F4E-34ED-43CF-B3BD-1185930038AC}.Debug|ARM.Build.0 = Debug|Any CPU
		{F0DA5F4E-34ED-43CF-B3BD-1185930038AC}.Debug|x64.ActiveCfg = Debug|Any CPU
		{F0DA5F4E-34ED-43CF-B3BD-1185930038AC}.Debug|x64.Build.0 = Debug|Any CPU
		{F0DA5F4E-34ED-43CF-B3BD-1185930038AC}.Debug|x86.ActiveCfg = Debug|Any CPU
		{F0DA5F4E-34ED-43CF-B3BD-1185930038AC}.Debug|x86.Build.0 = Debug|Any CPU
		{F0DA5F4E-34ED-43CF-B3BD-1185930038AC}.Release|Any CPU.ActiveCfg = Release|Any CPU
		{F0DA5F4E-34ED-43CF-B3BD-1185930038AC}.Release|Any CPU.Build.0 = Release|Any CPU
		{F0DA5F4E-34ED-43CF-B3BD-1185930038AC}.Release|ARM.ActiveCfg = Release|Any CPU
		{F0DA5F4E-34ED-43CF-B3BD-1185930038AC}.Release|ARM.Build.0 = Release|Any CPU
		{F0DA5F4E-34ED-43CF-B3BD-1185930038AC}.Release|x64.ActiveCfg = Release|Any CPU
		{F0DA5F4E-34ED-43CF-B3BD-1185930038AC}.Release|x64.Build.0 = Release|Any CPU
		{F0DA5F4E-34ED-43CF-B3BD-1185930038AC}.Release|x86.ActiveCfg = Release|Any CPU
		{F0DA5F4E-34ED-43CF-B3BD-1185930038AC}.Release|x86.Build.0 = Release|Any CPU
		{4D098F91-353A-4825-8721-50392B2379D5}.Debug|Any CPU.ActiveCfg = Debug|Any CPU
		{4D098F91-353A-4825-8721-50392B2379D5}.Debug|Any CPU.Build.0 = Debug|Any CPU
		{4D098F91-353A-4825-8721-50392B2379D5}.Debug|ARM.ActiveCfg = Debug|Any CPU
		{4D098F91-353A-4825-8721-50392B2379D5}.Debug|ARM.Build.0 = Debug|Any CPU
		{4D098F91-353A-4825-8721-50392B2379D5}.Debug|x64.ActiveCfg = Debug|Any CPU
		{4D098F91-353A-4825-8721-50392B2379D5}.Debug|x64.Build.0 = Debug|Any CPU
		{4D098F91-353A-4825-8721-50392B2379D5}.Debug|x86.ActiveCfg = Debug|Any CPU
		{4D098F91-353A-4825-8721-50392B2379D5}.Debug|x86.Build.0 = Debug|Any CPU
		{4D098F91-353A-4825-8721-50392B2379D5}.Release|Any CPU.ActiveCfg = Release|Any CPU
		{4D098F91-353A-4825-8721-50392B2379D5}.Release|Any CPU.Build.0 = Release|Any CPU
		{4D098F91-353A-4825-8721-50392B2379D5}.Release|ARM.ActiveCfg = Release|Any CPU
		{4D098F91-353A-4825-8721-50392B2379D5}.Release|ARM.Build.0 = Release|Any CPU
		{4D098F91-353A-4825-8721-50392B2379D5}.Release|x64.ActiveCfg = Release|Any CPU
		{4D098F91-353A-4825-8721-50392B2379D5}.Release|x64.Build.0 = Release|Any CPU
		{4D098F91-353A-4825-8721-50392B2379D5}.Release|x86.ActiveCfg = Release|Any CPU
		{4D098F91-353A-4825-8721-50392B2379D5}.Release|x86.Build.0 = Release|Any CPU
		{25A61E53-1192-4F61-8499-F8D784C7B038}.Debug|Any CPU.ActiveCfg = Debug|Any CPU
		{25A61E53-1192-4F61-8499-F8D784C7B038}.Debug|Any CPU.Build.0 = Debug|Any CPU
		{25A61E53-1192-4F61-8499-F8D784C7B038}.Debug|ARM.ActiveCfg = Debug|Any CPU
		{25A61E53-1192-4F61-8499-F8D784C7B038}.Debug|ARM.Build.0 = Debug|Any CPU
		{25A61E53-1192-4F61-8499-F8D784C7B038}.Debug|x64.ActiveCfg = Debug|Any CPU
		{25A61E53-1192-4F61-8499-F8D784C7B038}.Debug|x64.Build.0 = Debug|Any CPU
		{25A61E53-1192-4F61-8499-F8D784C7B038}.Debug|x86.ActiveCfg = Debug|Any CPU
		{25A61E53-1192-4F61-8499-F8D784C7B038}.Debug|x86.Build.0 = Debug|Any CPU
		{25A61E53-1192-4F61-8499-F8D784C7B038}.Release|Any CPU.ActiveCfg = Release|Any CPU
		{25A61E53-1192-4F61-8499-F8D784C7B038}.Release|Any CPU.Build.0 = Release|Any CPU
		{25A61E53-1192-4F61-8499-F8D784C7B038}.Release|ARM.ActiveCfg = Release|Any CPU
		{25A61E53-1192-4F61-8499-F8D784C7B038}.Release|ARM.Build.0 = Release|Any CPU
		{25A61E53-1192-4F61-8499-F8D784C7B038}.Release|x64.ActiveCfg = Release|Any CPU
		{25A61E53-1192-4F61-8499-F8D784C7B038}.Release|x64.Build.0 = Release|Any CPU
		{25A61E53-1192-4F61-8499-F8D784C7B038}.Release|x86.ActiveCfg = Release|Any CPU
		{25A61E53-1192-4F61-8499-F8D784C7B038}.Release|x86.Build.0 = Release|Any CPU
		{7199F951-8C9E-42A5-AF6A-A3478BEC8909}.Debug|Any CPU.ActiveCfg = Debug|Any CPU
		{7199F951-8C9E-42A5-AF6A-A3478BEC8909}.Debug|Any CPU.Build.0 = Debug|Any CPU
		{7199F951-8C9E-42A5-AF6A-A3478BEC8909}.Debug|ARM.ActiveCfg = Debug|Any CPU
		{7199F951-8C9E-42A5-AF6A-A3478BEC8909}.Debug|ARM.Build.0 = Debug|Any CPU
		{7199F951-8C9E-42A5-AF6A-A3478BEC8909}.Debug|x64.ActiveCfg = Debug|Any CPU
		{7199F951-8C9E-42A5-AF6A-A3478BEC8909}.Debug|x64.Build.0 = Debug|Any CPU
		{7199F951-8C9E-42A5-AF6A-A3478BEC8909}.Debug|x86.ActiveCfg = Debug|Any CPU
		{7199F951-8C9E-42A5-AF6A-A3478BEC8909}.Debug|x86.Build.0 = Debug|Any CPU
		{7199F951-8C9E-42A5-AF6A-A3478BEC8909}.Release|Any CPU.ActiveCfg = Release|Any CPU
		{7199F951-8C9E-42A5-AF6A-A3478BEC8909}.Release|Any CPU.Build.0 = Release|Any CPU
		{7199F951-8C9E-42A5-AF6A-A3478BEC8909}.Release|ARM.ActiveCfg = Release|Any CPU
		{7199F951-8C9E-42A5-AF6A-A3478BEC8909}.Release|ARM.Build.0 = Release|Any CPU
		{7199F951-8C9E-42A5-AF6A-A3478BEC8909}.Release|x64.ActiveCfg = Release|Any CPU
		{7199F951-8C9E-42A5-AF6A-A3478BEC8909}.Release|x64.Build.0 = Release|Any CPU
		{7199F951-8C9E-42A5-AF6A-A3478BEC8909}.Release|x86.ActiveCfg = Release|Any CPU
		{7199F951-8C9E-42A5-AF6A-A3478BEC8909}.Release|x86.Build.0 = Release|Any CPU
		{6CB83C82-2C87-44EC-AE28-011BB5B59A89}.Debug|Any CPU.ActiveCfg = Debug|Any CPU
		{6CB83C82-2C87-44EC-AE28-011BB5B59A89}.Debug|Any CPU.Build.0 = Debug|Any CPU
		{6CB83C82-2C87-44EC-AE28-011BB5B59A89}.Debug|ARM.ActiveCfg = Debug|Any CPU
		{6CB83C82-2C87-44EC-AE28-011BB5B59A89}.Debug|ARM.Build.0 = Debug|Any CPU
		{6CB83C82-2C87-44EC-AE28-011BB5B59A89}.Debug|x64.ActiveCfg = Debug|Any CPU
		{6CB83C82-2C87-44EC-AE28-011BB5B59A89}.Debug|x64.Build.0 = Debug|Any CPU
		{6CB83C82-2C87-44EC-AE28-011BB5B59A89}.Debug|x86.ActiveCfg = Debug|Any CPU
		{6CB83C82-2C87-44EC-AE28-011BB5B59A89}.Debug|x86.Build.0 = Debug|Any CPU
		{6CB83C82-2C87-44EC-AE28-011BB5B59A89}.Release|Any CPU.ActiveCfg = Release|Any CPU
		{6CB83C82-2C87-44EC-AE28-011BB5B59A89}.Release|Any CPU.Build.0 = Release|Any CPU
		{6CB83C82-2C87-44EC-AE28-011BB5B59A89}.Release|ARM.ActiveCfg = Release|Any CPU
		{6CB83C82-2C87-44EC-AE28-011BB5B59A89}.Release|ARM.Build.0 = Release|Any CPU
		{6CB83C82-2C87-44EC-AE28-011BB5B59A89}.Release|x64.ActiveCfg = Release|Any CPU
		{6CB83C82-2C87-44EC-AE28-011BB5B59A89}.Release|x64.Build.0 = Release|Any CPU
		{6CB83C82-2C87-44EC-AE28-011BB5B59A89}.Release|x86.ActiveCfg = Release|Any CPU
		{6CB83C82-2C87-44EC-AE28-011BB5B59A89}.Release|x86.Build.0 = Release|Any CPU
		{D2DDAACC-117E-4006-B90E-9216D50C067E}.Debug|Any CPU.ActiveCfg = Debug|Any CPU
		{D2DDAACC-117E-4006-B90E-9216D50C067E}.Debug|Any CPU.Build.0 = Debug|Any CPU
		{D2DDAACC-117E-4006-B90E-9216D50C067E}.Debug|ARM.ActiveCfg = Debug|Any CPU
		{D2DDAACC-117E-4006-B90E-9216D50C067E}.Debug|ARM.Build.0 = Debug|Any CPU
		{D2DDAACC-117E-4006-B90E-9216D50C067E}.Debug|x64.ActiveCfg = Debug|Any CPU
		{D2DDAACC-117E-4006-B90E-9216D50C067E}.Debug|x64.Build.0 = Debug|Any CPU
		{D2DDAACC-117E-4006-B90E-9216D50C067E}.Debug|x86.ActiveCfg = Debug|Any CPU
		{D2DDAACC-117E-4006-B90E-9216D50C067E}.Debug|x86.Build.0 = Debug|Any CPU
		{D2DDAACC-117E-4006-B90E-9216D50C067E}.Release|Any CPU.ActiveCfg = Release|Any CPU
		{D2DDAACC-117E-4006-B90E-9216D50C067E}.Release|Any CPU.Build.0 = Release|Any CPU
		{D2DDAACC-117E-4006-B90E-9216D50C067E}.Release|ARM.ActiveCfg = Release|Any CPU
		{D2DDAACC-117E-4006-B90E-9216D50C067E}.Release|ARM.Build.0 = Release|Any CPU
		{D2DDAACC-117E-4006-B90E-9216D50C067E}.Release|x64.ActiveCfg = Release|Any CPU
		{D2DDAACC-117E-4006-B90E-9216D50C067E}.Release|x64.Build.0 = Release|Any CPU
		{D2DDAACC-117E-4006-B90E-9216D50C067E}.Release|x86.ActiveCfg = Release|Any CPU
		{D2DDAACC-117E-4006-B90E-9216D50C067E}.Release|x86.Build.0 = Release|Any CPU
	EndGlobalSection
	GlobalSection(SolutionProperties) = preSolution
		HideSolutionNode = FALSE
	EndGlobalSection
	GlobalSection(NestedProjects) = preSolution
		{CD7D0813-C613-4788-A428-31DC5605CF7B} = {BFC7067E-8459-4558-A6E9-7F08FA27DD51}
		{6E01FF7E-6178-466F-83D2-633E861B7617} = {AFDD57C7-E7B6-4A78-B5FF-815FA1D9E975}
		{D127B70B-FDD2-4057-AAFE-989CDA1B8E51} = {F7E94706-FF67-4766-BBBD-27E7CED957A3}
		{AB3652F1-AC30-4522-A1EE-1758A6EF6F5C} = {04986489-5D33-45BF-BC6F-1A16652CCC87}
		{84A6BAA7-32B3-4D99-9280-87023BFF0A5B} = {F7E94706-FF67-4766-BBBD-27E7CED957A3}
		{032503EB-5C03-4C7A-851F-20886B43ED0D} = {C33537A5-C3F3-4964-940C-4041E5F16762}
		{1E189EA8-AFFA-493B-AED8-3C058E617F30} = {8F18B64A-CF6B-454F-A19C-8CE8FBFE2E58}
		{1B8F4753-DDE4-4B12-B45A-B26EC900A95A} = {EEFCDD89-771B-4A12-9E0A-BCFC65DE8AF6}
		{36699147-16BD-40A5-92E3-9E560120374F} = {EEFCDD89-771B-4A12-9E0A-BCFC65DE8AF6}
		{B5CDA814-736C-429D-B614-0BEBA70E185F} = {B0D98CFE-B7BD-4106-B5C6-0394D6AF5374}
		{7E50B6DE-499B-42F2-8419-6F87C71F8BB2} = {A635472A-99CA-4964-B320-536EF5C8BED7}
		{85376A51-1189-4B08-BF94-12A894D17AEB} = {4B48FFD9-9F56-4580-BDE9-DB5A0DD87383}
		{6E54CA25-CF76-4EAF-B445-6087432D20A1} = {42E237DA-AC08-45A2-B664-0009A72D4051}
		{687FC7B7-9A07-4DC2-BDB2-5EAA3A58956A} = {89066452-2B82-4864-B836-F4D6CE1BB8B4}
		{3F8D6B13-B483-4873-8946-106D25BF6212} = {F7E94706-FF67-4766-BBBD-27E7CED957A3}
		{A295CBA8-DBE4-44EF-A673-6372728CEDB0} = {019335F4-59C6-4413-BC8E-E5332C1F35C6}
		{B998C26B-90BD-4AEB-93C3-9AA35F888C69} = {2CFDB0C0-5201-412B-8EB5-1EF8872B5FEA}
		{B6F7564D-DE39-4724-894A-EE49CE2AEE47} = {AFDD57C7-E7B6-4A78-B5FF-815FA1D9E975}
		{BFC7067E-8459-4558-A6E9-7F08FA27DD51} = {962EC435-6130-4B75-BAC1-12323B067443}
		{89066452-2B82-4864-B836-F4D6CE1BB8B4} = {962EC435-6130-4B75-BAC1-12323B067443}
		{B0D98CFE-B7BD-4106-B5C6-0394D6AF5374} = {C02F8A8D-D85B-4BD1-8E82-A1F86FA9A3CF}
		{C60F529E-A24E-48D2-A866-9BCB5E2642CD} = {962EC435-6130-4B75-BAC1-12323B067443}
		{8F18B64A-CF6B-454F-A19C-8CE8FBFE2E58} = {962EC435-6130-4B75-BAC1-12323B067443}
		{AFDD57C7-E7B6-4A78-B5FF-815FA1D9E975} = {962EC435-6130-4B75-BAC1-12323B067443}
		{2CFDB0C0-5201-412B-8EB5-1EF8872B5FEA} = {962EC435-6130-4B75-BAC1-12323B067443}
		{F7E94706-FF67-4766-BBBD-27E7CED957A3} = {962EC435-6130-4B75-BAC1-12323B067443}
		{EEFCDD89-771B-4A12-9E0A-BCFC65DE8AF6} = {962EC435-6130-4B75-BAC1-12323B067443}
		{4B48FFD9-9F56-4580-BDE9-DB5A0DD87383} = {962EC435-6130-4B75-BAC1-12323B067443}
		{A635472A-99CA-4964-B320-536EF5C8BED7} = {962EC435-6130-4B75-BAC1-12323B067443}
		{C33537A5-C3F3-4964-940C-4041E5F16762} = {C02F8A8D-D85B-4BD1-8E82-A1F86FA9A3CF}
		{019335F4-59C6-4413-BC8E-E5332C1F35C6} = {962EC435-6130-4B75-BAC1-12323B067443}
		{42E237DA-AC08-45A2-B664-0009A72D4051} = {962EC435-6130-4B75-BAC1-12323B067443}
		{04986489-5D33-45BF-BC6F-1A16652CCC87} = {962EC435-6130-4B75-BAC1-12323B067443}
		{C1B11575-2A2B-48E5-B709-B9FD68BCD426} = {962EC435-6130-4B75-BAC1-12323B067443}
		{28715B81-50FA-423B-9869-F85F0FB2367E} = {C1B11575-2A2B-48E5-B709-B9FD68BCD426}
		{9DE919BA-B5DF-4C1C-A648-9C2526BBC036} = {A635472A-99CA-4964-B320-536EF5C8BED7}
		{20A33007-916F-43F0-9DE8-DBCC1A8E68E7} = {A635472A-99CA-4964-B320-536EF5C8BED7}
		{EA962707-EB80-4F6C-B851-7B7426C56B05} = {962EC435-6130-4B75-BAC1-12323B067443}
		{39AD6D04-BCEC-4E76-99BA-4CC3F3ADBC12} = {EA962707-EB80-4F6C-B851-7B7426C56B05}
		{E6B20904-76E7-4AFB-9F86-A86E0E984D83} = {C02F8A8D-D85B-4BD1-8E82-A1F86FA9A3CF}
		{65B5F0EF-5E85-4939-BDA3-62FD5BF2F016} = {E6B20904-76E7-4AFB-9F86-A86E0E984D83}
		{10EC8412-1238-4307-A564-5EF6BBDB1134} = {962EC435-6130-4B75-BAC1-12323B067443}
		{8263F0CC-E6CA-43B0-95D8-8FBB68D523E4} = {10EC8412-1238-4307-A564-5EF6BBDB1134}
		{F0DA5F4E-34ED-43CF-B3BD-1185930038AC} = {A635472A-99CA-4964-B320-536EF5C8BED7}
		{C02F8A8D-D85B-4BD1-8E82-A1F86FA9A3CF} = {962EC435-6130-4B75-BAC1-12323B067443}
		{4D098F91-353A-4825-8721-50392B2379D5} = {04986489-5D33-45BF-BC6F-1A16652CCC87}
		{0D108234-3671-483A-8040-CA1C1C1B3E76} = {C02F8A8D-D85B-4BD1-8E82-A1F86FA9A3CF}
		{25A61E53-1192-4F61-8499-F8D784C7B038} = {0D108234-3671-483A-8040-CA1C1C1B3E76}
		{8CEC705B-E512-40DE-9673-15857A34D359} = {962EC435-6130-4B75-BAC1-12323B067443}
		{7199F951-8C9E-42A5-AF6A-A3478BEC8909} = {8CEC705B-E512-40DE-9673-15857A34D359}
		{6CB83C82-2C87-44EC-AE28-011BB5B59A89} = {8CEC705B-E512-40DE-9673-15857A34D359}
		{D2DDAACC-117E-4006-B90E-9216D50C067E} = {019335F4-59C6-4413-BC8E-E5332C1F35C6}
	EndGlobalSection
	GlobalSection(ExtensibilityGlobals) = postSolution
		SolutionGuid = {07A44726-8749-4A9A-8079-FA3C3213BDC1}
	EndGlobalSection
EndGlobal
